
Microsoft Visual Studio Solution File, Format Version 12.00
# Visual Studio Version 16
VisualStudioVersion = 16.0.32106.194
MinimumVisualStudioVersion = 10.0.40219.1
Project("{9A19103F-16F7-4668-BE54-9A1E7A4F7556}") = "PaceConclave", "PaceConclave\PaceConclave.csproj", "{992E9AA4-3268-4BB8-90F5-75C38D80C9F2}"
EndProject
Project("{9A19103F-16F7-4668-BE54-9A1E7A4F7556}") = "PaceConclaveVM", "PaceConclaveVM\PaceConclaveVM.csproj", "{25D046DB-05F6-4282-A7B0-D06E767CBFF3}"
EndProject
Project("{FAE04EC0-301F-11D3-BF4B-00C04F79EFBC}") = "PaceConclaveDAL", "PaceConclaveDAL\PaceConclaveDAL.csproj", "{877C182A-ED54-478C-8B84-4EAFA74FA151}"
EndProject
Project("{FAE04EC0-301F-11D3-BF4B-00C04F79EFBC}") = "PaceConclaveBusines", "PaceConclaveBusines\PaceConclaveBusines.csproj", "{032FA95E-C2ED-4557-94B0-88B1AE712A02}"
EndProject
Global
	GlobalSection(SolutionConfigurationPlatforms) = preSolution
		Debug|Any CPU = Debug|Any CPU
		Release|Any CPU = Release|Any CPU
	EndGlobalSection
	GlobalSection(ProjectConfigurationPlatforms) = postSolution
		{992E9AA4-3268-4BB8-90F5-75C38D80C9F2}.Debug|Any CPU.ActiveCfg = Debug|Any CPU
		{992E9AA4-3268-4BB8-90F5-75C38D80C9F2}.Debug|Any CPU.Build.0 = Debug|Any CPU
		{992E9AA4-3268-4BB8-90F5-75C38D80C9F2}.Release|Any CPU.ActiveCfg = Release|Any CPU
		{992E9AA4-3268-4BB8-90F5-75C38D80C9F2}.Release|Any CPU.Build.0 = Release|Any CPU
		{25D046DB-05F6-4282-A7B0-D06E767CBFF3}.Debug|Any CPU.ActiveCfg = Debug|Any CPU
		{25D046DB-05F6-4282-A7B0-D06E767CBFF3}.Debug|Any CPU.Build.0 = Debug|Any CPU
		{25D046DB-05F6-4282-A7B0-D06E767CBFF3}.Release|Any CPU.ActiveCfg = Release|Any CPU
		{25D046DB-05F6-4282-A7B0-D06E767CBFF3}.Release|Any CPU.Build.0 = Release|Any CPU
		{877C182A-ED54-478C-8B84-4EAFA74FA151}.Debug|Any CPU.ActiveCfg = Debug|Any CPU
		{877C182A-ED54-478C-8B84-4EAFA74FA151}.Debug|Any CPU.Build.0 = Debug|Any CPU
		{877C182A-ED54-478C-8B84-4EAFA74FA151}.Release|Any CPU.ActiveCfg = Release|Any CPU
		{877C182A-ED54-478C-8B84-4EAFA74FA151}.Release|Any CPU.Build.0 = Release|Any CPU
		{032FA95E-C2ED-4557-94B0-88B1AE712A02}.Debug|Any CPU.ActiveCfg = Debug|Any CPU
		{032FA95E-C2ED-4557-94B0-88B1AE712A02}.Debug|Any CPU.Build.0 = Debug|Any CPU
		{032FA95E-C2ED-4557-94B0-88B1AE712A02}.Release|Any CPU.ActiveCfg = Release|Any CPU
		{032FA95E-C2ED-4557-94B0-88B1AE712A02}.Release|Any CPU.Build.0 = Release|Any CPU
	EndGlobalSection
	GlobalSection(SolutionProperties) = preSolution
		HideSolutionNode = FALSE
	EndGlobalSection
	GlobalSection(ExtensibilityGlobals) = postSolution
		SolutionGuid = {FCEBD818-F66E-4736-8BCF-69B8CF5118AC}
	EndGlobalSection
EndGlobal
